
Microsoft Visual Studio Solution File, Format Version 12.00
# Visual Studio Version 17
VisualStudioVersion = 17.3.32901.215
MinimumVisualStudioVersion = 10.0.40219.1
Project("{9A19103F-16F7-4668-BE54-9A1E7A4F7556}") = "OOP", "FundamentosArquitetura\OOP.csproj", "{9668C61F-E28C-4EBB-9153-6747D4653877}"
EndProject
Project("{2150E333-8FDC-42A3-9474-1A3956D46DE8}") = "01 - OOP", "01 - OOP", "{E30240D7-D2B8-4706-96A7-8BB095B507D8}"
EndProject
Project("{2150E333-8FDC-42A3-9474-1A3956D46DE8}") = "02 - Modificadores", "02 - Modificadores", "{69ACE08A-3627-4199-A709-94AA5FE2211D}"
EndProject
Project("{9A19103F-16F7-4668-BE54-9A1E7A4F7556}") = "ProjetoA", "ProjetoA\ProjetoA.csproj", "{1113D267-D945-4622-A302-7FA43346C64E}"
EndProject
Project("{9A19103F-16F7-4668-BE54-9A1E7A4F7556}") = "ProjetoB", "ProjetoB\ProjetoB.csproj", "{DD6582DA-69E7-4E2F-82D4-584E6B301D3D}"
EndProject
Project("{2150E333-8FDC-42A3-9474-1A3956D46DE8}") = "03 - SOLID", "03 - SOLID", "{E30602E3-12A3-48C2-B337-E6E61695F7AA}"
EndProject
Project("{FAE04EC0-301F-11D3-BF4B-00C04F79EFBC}") = "Solid", "Solid\Solid.csproj", "{FE397457-ECB2-4B3B-A599-646341A0BC2C}"
EndProject
Global
	GlobalSection(SolutionConfigurationPlatforms) = preSolution
		Debug|Any CPU = Debug|Any CPU
		Release|Any CPU = Release|Any CPU
	EndGlobalSection
	GlobalSection(ProjectConfigurationPlatforms) = postSolution
		{9668C61F-E28C-4EBB-9153-6747D4653877}.Debug|Any CPU.ActiveCfg = Debug|Any CPU
		{9668C61F-E28C-4EBB-9153-6747D4653877}.Debug|Any CPU.Build.0 = Debug|Any CPU
		{9668C61F-E28C-4EBB-9153-6747D4653877}.Release|Any CPU.ActiveCfg = Release|Any CPU
		{9668C61F-E28C-4EBB-9153-6747D4653877}.Release|Any CPU.Build.0 = Release|Any CPU
		{1113D267-D945-4622-A302-7FA43346C64E}.Debug|Any CPU.ActiveCfg = Debug|Any CPU
		{1113D267-D945-4622-A302-7FA43346C64E}.Debug|Any CPU.Build.0 = Debug|Any CPU
		{1113D267-D945-4622-A302-7FA43346C64E}.Release|Any CPU.ActiveCfg = Release|Any CPU
		{1113D267-D945-4622-A302-7FA43346C64E}.Release|Any CPU.Build.0 = Release|Any CPU
		{DD6582DA-69E7-4E2F-82D4-584E6B301D3D}.Debug|Any CPU.ActiveCfg = Debug|Any CPU
		{DD6582DA-69E7-4E2F-82D4-584E6B301D3D}.Debug|Any CPU.Build.0 = Debug|Any CPU
		{DD6582DA-69E7-4E2F-82D4-584E6B301D3D}.Release|Any CPU.ActiveCfg = Release|Any CPU
		{DD6582DA-69E7-4E2F-82D4-584E6B301D3D}.Release|Any CPU.Build.0 = Release|Any CPU
		{FE397457-ECB2-4B3B-A599-646341A0BC2C}.Debug|Any CPU.ActiveCfg = Debug|Any CPU
		{FE397457-ECB2-4B3B-A599-646341A0BC2C}.Debug|Any CPU.Build.0 = Debug|Any CPU
		{FE397457-ECB2-4B3B-A599-646341A0BC2C}.Release|Any CPU.ActiveCfg = Release|Any CPU
		{FE397457-ECB2-4B3B-A599-646341A0BC2C}.Release|Any CPU.Build.0 = Release|Any CPU
	EndGlobalSection
	GlobalSection(SolutionProperties) = preSolution
		HideSolutionNode = FALSE
	EndGlobalSection
	GlobalSection(NestedProjects) = preSolution
		{9668C61F-E28C-4EBB-9153-6747D4653877} = {E30240D7-D2B8-4706-96A7-8BB095B507D8}
		{1113D267-D945-4622-A302-7FA43346C64E} = {69ACE08A-3627-4199-A709-94AA5FE2211D}
		{DD6582DA-69E7-4E2F-82D4-584E6B301D3D} = {69ACE08A-3627-4199-A709-94AA5FE2211D}
		{FE397457-ECB2-4B3B-A599-646341A0BC2C} = {E30602E3-12A3-48C2-B337-E6E61695F7AA}
	EndGlobalSection
	GlobalSection(ExtensibilityGlobals) = postSolution
		SolutionGuid = {1C5286DA-ED24-47D3-BA71-BACEAC576BDD}
	EndGlobalSection
EndGlobal
